// !$*UTF8*$!
{
	archiveVersion = 1;
	classes = {
	};
	objectVersion = 50;
	objects = {

/* Begin PBXBuildFile section */
		DD90D7A1264C073B006EEC27 /* playervsplayer.swift in Sources */ = {isa = PBXBuildFile; fileRef = DD90D7A0264C073B006EEC27 /* playervsplayer.swift */; };
		DDC9D817264A700F00E1DF6C /* Bull_GameApp.swift in Sources */ = {isa = PBXBuildFile; fileRef = DDC9D816264A700F00E1DF6C /* Bull_GameApp.swift */; };
		DDC9D819264A700F00E1DF6C /* ContentView.swift in Sources */ = {isa = PBXBuildFile; fileRef = DDC9D818264A700F00E1DF6C /* ContentView.swift */; };
		DDC9D81B264A701100E1DF6C /* Assets.xcassets in Resources */ = {isa = PBXBuildFile; fileRef = DDC9D81A264A701100E1DF6C /* Assets.xcassets */; };
		DDC9D81E264A701100E1DF6C /* Preview Assets.xcassets in Resources */ = {isa = PBXBuildFile; fileRef = DDC9D81D264A701100E1DF6C /* Preview Assets.xcassets */; };
		DDC9D82B264ABDE000E1DF6C /* playervscpu.swift in Sources */ = {isa = PBXBuildFile; fileRef = DDC9D82A264ABDE000E1DF6C /* playervscpu.swift */; };
/* End PBXBuildFile section */

/* Begin PBXFileReference section */
		DD90D7A0264C073B006EEC27 /* playervsplayer.swift */ = {isa = PBXFileReference; lastKnownFileType = sourcecode.swift; path = playervsplayer.swift; sourceTree = "<group>"; };
		DDC9D813264A700F00E1DF6C /* Bull_Game.app */ = {isa = PBXFileReference; explicitFileType = wrapper.application; includeInIndex = 0; path = Bull_Game.app; sourceTree = BUILT_PRODUCTS_DIR; };
		DDC9D816264A700F00E1DF6C /* Bull_GameApp.swift */ = {isa = PBXFileReference; lastKnownFileType = sourcecode.swift; path = Bull_GameApp.swift; sourceTree = "<group>"; };
		DDC9D818264A700F00E1DF6C /* ContentView.swift */ = {isa = PBXFileReference; lastKnownFileType = sourcecode.swift; path = ContentView.swift; sourceTree = "<group>"; };
		DDC9D81A264A701100E1DF6C /* Assets.xcassets */ = {isa = PBXFileReference; lastKnownFileType = folder.assetcatalog; path = Assets.xcassets; sourceTree = "<group>"; };
		DDC9D81D264A701100E1DF6C /* Preview Assets.xcassets */ = {isa = PBXFileReference; lastKnownFileType = folder.assetcatalog; path = "Preview Assets.xcassets"; sourceTree = "<group>"; };
		DDC9D81F264A701100E1DF6C /* Info.plist */ = {isa = PBXFileReference; lastKnownFileType = text.plist.xml; path = Info.plist; sourceTree = "<group>"; };
		DDC9D82A264ABDE000E1DF6C /* playervscpu.swift */ = {isa = PBXFileReference; lastKnownFileType = sourcecode.swift; path = playervscpu.swift; sourceTree = "<group>"; };
/* End PBXFileReference section */

/* Begin PBXFrameworksBuildPhase section */
		DDC9D810264A700F00E1DF6C /* Frameworks */ = {
			isa = PBXFrameworksBuildPhase;
			buildActionMask = 2147483647;
			files = (
			);
			runOnlyForDeploymentPostprocessing = 0;
		};
/* End PBXFrameworksBuildPhase section */

/* Begin PBXGroup section */
		DDC9D80A264A700F00E1DF6C = {
			isa = PBXGroup;
			children = (
				DDC9D815264A700F00E1DF6C /* Bull_Game */,
				DDC9D814264A700F00E1DF6C /* Products */,
			);
			sourceTree = "<group>";
		};
		DDC9D814264A700F00E1DF6C /* Products */ = {
			isa = PBXGroup;
			children = (
				DDC9D813264A700F00E1DF6C /* Bull_Game.app */,
			);
			name = Products;
			sourceTree = "<group>";
		};
		DDC9D815264A700F00E1DF6C /* Bull_Game */ = {
			isa = PBXGroup;
			children = (
				DDC9D816264A700F00E1DF6C /* Bull_GameApp.swift */,
				DDC9D818264A700F00E1DF6C /* ContentView.swift */,
				DDC9D82A264ABDE000E1DF6C /* playervscpu.swift */,
				DD90D7A0264C073B006EEC27 /* playervsplayer.swift */,
				DDC9D81A264A701100E1DF6C /* Assets.xcassets */,
				DDC9D81F264A701100E1DF6C /* Info.plist */,
				DDC9D81C264A701100E1DF6C /* Preview Content */,
			);
			path = Bull_Game;
			sourceTree = "<group>";
		};
		DDC9D81C264A701100E1DF6C /* Preview Content */ = {
			isa = PBXGroup;
			children = (
				DDC9D81D264A701100E1DF6C /* Preview Assets.xcassets */,
			);
			path = "Preview Content";
			sourceTree = "<group>";
		};
/* End PBXGroup section */

/* Begin PBXNativeTarget section */
		DDC9D812264A700F00E1DF6C /* Bull_Game */ = {
			isa = PBXNativeTarget;
			buildConfigurationList = DDC9D822264A701100E1DF6C /* Build configuration list for PBXNativeTarget "Bull_Game" */;
			buildPhases = (
				DDC9D80F264A700F00E1DF6C /* Sources */,
				DDC9D810264A700F00E1DF6C /* Frameworks */,
				DDC9D811264A700F00E1DF6C /* Resources */,
			);
			buildRules = (
			);
			dependencies = (
			);
			name = Bull_Game;
			productName = Bull_Game;
			productReference = DDC9D813264A700F00E1DF6C /* Bull_Game.app */;
			productType = "com.apple.product-type.application";
		};
/* End PBXNativeTarget section */

/* Begin PBXProject section */
		DDC9D80B264A700F00E1DF6C /* Project object */ = {
			isa = PBXProject;
			attributes = {
				LastSwiftUpdateCheck = 1240;
				LastUpgradeCheck = 1240;
				TargetAttributes = {
					DDC9D812264A700F00E1DF6C = {
						CreatedOnToolsVersion = 12.4;
					};
				};
			};
			buildConfigurationList = DDC9D80E264A700F00E1DF6C /* Build configuration list for PBXProject "Bull_Game" */;
			compatibilityVersion = "Xcode 9.3";
			developmentRegion = en;
			hasScannedForEncodings = 0;
			knownRegions = (
				en,
				Base,
			);
			mainGroup = DDC9D80A264A700F00E1DF6C;
			productRefGroup = DDC9D814264A700F00E1DF6C /* Products */;
			projectDirPath = "";
			projectRoot = "";
			targets = (
				DDC9D812264A700F00E1DF6C /* Bull_Game */,
			);
		};
/* End PBXProject section */

/* Begin PBXResourcesBuildPhase section */
		DDC9D811264A700F00E1DF6C /* Resources */ = {
			isa = PBXResourcesBuildPhase;
			buildActionMask = 2147483647;
			files = (
				DDC9D81E264A701100E1DF6C /* Preview Assets.xcassets in Resources */,
				DDC9D81B264A701100E1DF6C /* Assets.xcassets in Resources */,
			);
			runOnlyForDeploymentPostprocessing = 0;
		};
/* End PBXResourcesBuildPhase section */

/* Begin PBXSourcesBuildPhase section */
		DDC9D80F264A700F00E1DF6C /* Sources */ = {
			isa = PBXSourcesBuildPhase;
			buildActionMask = 2147483647;
			files = (
				DDC9D819264A700F00E1DF6C /* ContentView.swift in Sources */,
				DDC9D817264A700F00E1DF6C /* Bull_GameApp.swift in Sources */,
				DD90D7A1264C073B006EEC27 /* playervsplayer.swift in Sources */,
				DDC9D82B264ABDE000E1DF6C /* playervscpu.swift in Sources */,
			);
			runOnlyForDeploymentPostprocessing = 0;
		};
/* End PBXSourcesBuildPhase section */

/* Begin XCBuildConfiguration section */
		DDC9D820264A701100E1DF6C /* Debug */ = {
			isa = XCBuildConfiguration;
			buildSettings = {
				ALWAYS_SEARCH_USER_PATHS = NO;
				CLANG_ANALYZER_NONNULL = YES;
				CLANG_ANALYZER_NUMBER_OBJECT_CONVERSION = YES_AGGRESSIVE;
				CLANG_CXX_LANGUAGE_STANDARD = "gnu++14";
				CLANG_CXX_LIBRARY = "libc++";
				CLANG_ENABLE_MODULES = YES;
				CLANG_ENABLE_OBJC_ARC = YES;
				CLANG_ENABLE_OBJC_WEAK = YES;
				CLANG_WARN_BLOCK_CAPTURE_AUTORELEASING = YES;
				CLANG_WARN_BOOL_CONVERSION = YES;
				CLANG_WARN_COMMA = YES;
				CLANG_WARN_CONSTANT_CONVERSION = YES;
				CLANG_WARN_DEPRECATED_OBJC_IMPLEMENTATIONS = YES;
				CLANG_WARN_DIRECT_OBJC_ISA_USAGE = YES_ERROR;
				CLANG_WARN_DOCUMENTATION_COMMENTS = YES;
				CLANG_WARN_EMPTY_BODY = YES;
				CLANG_WARN_ENUM_CONVERSION = YES;
				CLANG_WARN_INFINITE_RECURSION = YES;
				CLANG_WARN_INT_CONVERSION = YES;
				CLANG_WARN_NON_LITERAL_NULL_CONVERSION = YES;
				CLANG_WARN_OBJC_IMPLICIT_RETAIN_SELF = YES;
				CLANG_WARN_OBJC_LITERAL_CONVERSION = YES;
				CLANG_WARN_OBJC_ROOT_CLASS = YES_ERROR;
				CLANG_WARN_QUOTED_INCLUDE_IN_FRAMEWORK_HEADER = YES;
				CLANG_WARN_RANGE_LOOP_ANALYSIS = YES;
				CLANG_WARN_STRICT_PROTOTYPES = YES;
				CLANG_WARN_SUSPICIOUS_MOVE = YES;
				CLANG_WARN_UNGUARDED_AVAILABILITY = YES_AGGRESSIVE;
				CLANG_WARN_UNREACHABLE_CODE = YES;
				CLANG_WARN__DUPLICATE_METHOD_MATCH = YES;
				COPY_PHASE_STRIP = NO;
				DEBUG_INFORMATION_FORMAT = dwarf;
				ENABLE_STRICT_OBJC_MSGSEND = YES;
				ENABLE_TESTABILITY = YES;
				GCC_C_LANGUAGE_STANDARD = gnu11;
				GCC_DYNAMIC_NO_PIC = NO;
				GCC_NO_COMMON_BLOCKS = YES;
				GCC_OPTIMIZATION_LEVEL = 0;
				GCC_PREPROCESSOR_DEFINITIONS = (
					"DEBUG=1",
					"$(inherited)",
				);
				GCC_WARN_64_TO_32_BIT_CONVERSION = YES;
				GCC_WARN_ABOUT_RETURN_TYPE = YES_ERROR;
				GCC_WARN_UNDECLARED_SELECTOR = YES;
				GCC_WARN_UNINITIALIZED_AUTOS = YES_AGGRESSIVE;
				GCC_WARN_UNUSED_FUNCTION = YES;
				GCC_WARN_UNUSED_VARIABLE = YES;
				IPHONEOS_DEPLOYMENT_TARGET = 14.4;
				MTL_ENABLE_DEBUG_INFO = INCLUDE_SOURCE;
				MTL_FAST_MATH = YES;
				ONLY_ACTIVE_ARCH = YES;
				SDKROOT = iphoneos;
				SWIFT_ACTIVE_COMPILATION_CONDITIONS = DEBUG;
				SWIFT_OPTIMIZATION_LEVEL = "-Onone";
			};
			name = Debug;
		};
		DDC9D821264A701100E1DF6C /* Release */ = {
			isa = XCBuildConfiguration;
			buildSettings = {
				ALWAYS_SEARCH_USER_PATHS = NO;
				CLANG_ANALYZER_NONNULL = YES;
				CLANG_ANALYZER_NUMBER_OBJECT_CONVERSION = YES_AGGRESSIVE;
				CLANG_CXX_LANGUAGE_STANDARD = "gnu++14";
				CLANG_CXX_LIBRARY = "libc++";
				CLANG_ENABLE_MODULES = YES;
				CLANG_ENABLE_OBJC_ARC = YES;
				CLANG_ENABLE_OBJC_WEAK = YES;
				CLANG_WARN_BLOCK_CAPTURE_AUTORELEASING = YES;
				CLANG_WARN_BOOL_CONVERSION = YES;
				CLANG_WARN_COMMA = YES;
				CLANG_WARN_CONSTANT_CONVERSION = YES;
				CLANG_WARN_DEPRECATED_OBJC_IMPLEMENTATIONS = YES;
				CLANG_WARN_DIRECT_OBJC_ISA_USAGE = YES_ERROR;
				CLANG_WARN_DOCUMENTATION_COMMENTS = YES;
				CLANG_WARN_EMPTY_BODY = YES;
				CLANG_WARN_ENUM_CONVERSION = YES;
				CLANG_WARN_INFINITE_RECURSION = YES;
				CLANG_WARN_INT_CONVERSION = YES;
				CLANG_WARN_NON_LITERAL_NULL_CONVERSION = YES;
				CLANG_WARN_OBJC_IMPLICIT_RETAIN_SELF = YES;
				CLANG_WARN_OBJC_LITERAL_CONVERSION = YES;
				CLANG_WARN_OBJC_ROOT_CLASS = YES_ERROR;
				CLANG_WARN_QUOTED_INCLUDE_IN_FRAMEWORK_HEADER = YES;
				CLANG_WARN_RANGE_LOOP_ANALYSIS = YES;
				CLANG_WARN_STRICT_PROTOTYPES = YES;
				CLANG_WARN_SUSPICIOUS_MOVE = YES;
				CLANG_WARN_UNGUARDED_AVAILABILITY = YES_AGGRESSIVE;
				CLANG_WARN_UNREACHABLE_CODE = YES;
				CLANG_WARN__DUPLICATE_METHOD_MATCH = YES;
				COPY_PHASE_STRIP = NO;
				DEBUG_INFORMATION_FORMAT = "dwarf-with-dsym";
				ENABLE_NS_ASSERTIONS = NO;
				ENABLE_STRICT_OBJC_MSGSEND = YES;
				GCC_C_LANGUAGE_STANDARD = gnu11;
				GCC_NO_COMMON_BLOCKS = YES;
				GCC_WARN_64_TO_32_BIT_CONVERSION = YES;
				GCC_WARN_ABOUT_RETURN_TYPE = YES_ERROR;
				GCC_WARN_UNDECLARED_SELECTOR = YES;
				GCC_WARN_UNINITIALIZED_AUTOS = YES_AGGRESSIVE;
				GCC_WARN_UNUSED_FUNCTION = YES;
				GCC_WARN_UNUSED_VARIABLE = YES;
				IPHONEOS_DEPLOYMENT_TARGET = 14.4;
				MTL_ENABLE_DEBUG_INFO = NO;
				MTL_FAST_MATH = YES;
				SDKROOT = iphoneos;
				SWIFT_COMPILATION_MODE = wholemodule;
				SWIFT_OPTIMIZATION_LEVEL = "-O";
				VALIDATE_PRODUCT = YES;
			};
			name = Release;
		};
		DDC9D823264A701100E1DF6C /* Debug */ = {
			isa = XCBuildConfiguration;
			buildSettings = {
				ASSETCATALOG_COMPILER_APPICON_NAME = AppIcon;
				ASSETCATALOG_COMPILER_GLOBAL_ACCENT_COLOR_NAME = AccentColor;
				CODE_SIGN_STYLE = Automatic;
				DEVELOPMENT_ASSET_PATHS = "\"Bull_Game/Preview Content\"";
				ENABLE_PREVIEWS = YES;
				INFOPLIST_FILE = Bull_Game/Info.plist;
				IPHONEOS_DEPLOYMENT_TARGET = 14.0;
				LD_RUNPATH_SEARCH_PATHS = (
					"$(inherited)",
					"@executable_path/Frameworks",
				);
				PRODUCT_BUNDLE_IDENTIFIER = "mahindra-university.Bull-Game";
				PRODUCT_NAME = "$(TARGET_NAME)";
				SWIFT_VERSION = 5.0;
				TARGETED_DEVICE_FAMILY = "1,2";
			};
			name = Debug;
		};
		DDC9D824264A701100E1DF6C /* Release */ = {
			isa = XCBuildConfiguration;
			buildSettings = {
				ASSETCATALOG_COMPILER_APPICON_NAME = AppIcon;
				ASSETCATALOG_COMPILER_GLOBAL_ACCENT_COLOR_NAME = AccentColor;
				CODE_SIGN_STYLE = Automatic;
				DEVELOPMENT_ASSET_PATHS = "\"Bull_Game/Preview Content\"";
				ENABLE_PREVIEWS = YES;
				INFOPLIST_FILE = Bull_Game/Info.plist;
				IPHONEOS_DEPLOYMENT_TARGET = 14.0;
				LD_RUNPATH_SEARCH_PATHS = (
					"$(inherited)",
					"@executable_path/Frameworks",
				);
				PRODUCT_BUNDLE_IDENTIFIER = "mahindra-university.Bull-Game";
				PRODUCT_NAME = "$(TARGET_NAME)";
				SWIFT_VERSION = 5.0;
				TARGETED_DEVICE_FAMILY = "1,2";
			};
			name = Release;
		};
/* End XCBuildConfiguration section */

/* Begin XCConfigurationList section */
		DDC9D80E264A700F00E1DF6C /* Build configuration list for PBXProject "Bull_Game" */ = {
			isa = XCConfigurationList;
			buildConfigurations = (
				DDC9D820264A701100E1DF6C /* Debug */,
				DDC9D821264A701100E1DF6C /* Release */,
			);
			defaultConfigurationIsVisible = 0;
			defaultConfigurationName = Release;
		};
		DDC9D822264A701100E1DF6C /* Build configuration list for PBXNativeTarget "Bull_Game" */ = {
			isa = XCConfigurationList;
			buildConfigurations = (
				DDC9D823264A701100E1DF6C /* Debug */,
				DDC9D824264A701100E1DF6C /* Release */,
			);
			defaultConfigurationIsVisible = 0;
			defaultConfigurationName = Release;
		};
/* End XCConfigurationList section */
	};
	rootObject = DDC9D80B264A700F00E1DF6C /* Project object */;
}
